// !$*UTF8*$!
{
	archiveVersion = 1;
	classes = {
	};
	objectVersion = 77;
	objects = {

/* Begin PBXContainerItemProxy section */
		92B9633D2DC50AA0002A1314 /* PBXContainerItemProxy */ = {
			isa = PBXContainerItemProxy;
			containerPortal = 92B963242DC50A9F002A1314 /* Project object */;
			proxyType = 1;
			remoteGlobalIDString = 92B9632B2DC50A9F002A1314;
			remoteInfo = ViewGlowing;
		};
		92B963472DC50AA1002A1314 /* PBXContainerItemProxy */ = {
			isa = PBXContainerItemProxy;
			containerPortal = 92B963242DC50A9F002A1314 /* Project object */;
			proxyType = 1;
			remoteGlobalIDString = 92B9632B2DC50A9F002A1314;
			remoteInfo = ViewGlowing;
		};
/* End PBXContainerItemProxy section */

/* Begin PBXFileReference section */
		92B9632C2DC50A9F002A1314 /* ViewGlowing.app */ = {isa = PBXFileReference; explicitFileType = wrapper.application; includeInIndex = 0; path = ViewGlowing.app; sourceTree = BUILT_PRODUCTS_DIR; };
		92B9633C2DC50AA0002A1314 /* ViewGlowingTests.xctest */ = {isa = PBXFileReference; explicitFileType = wrapper.cfbundle; includeInIndex = 0; path = ViewGlowingTests.xctest; sourceTree = BUILT_PRODUCTS_DIR; };
		92B963462DC50AA1002A1314 /* ViewGlowingUITests.xctest */ = {isa = PBXFileReference; explicitFileType = wrapper.cfbundle; includeInIndex = 0; path = ViewGlowingUITests.xctest; sourceTree = BUILT_PRODUCTS_DIR; };
/* End PBXFileReference section */

/* Begin PBXFileSystemSynchronizedRootGroup section */
		92B9632E2DC50A9F002A1314 /* ViewGlowing */ = {
			isa = PBXFileSystemSynchronizedRootGroup;
			path = ViewGlowing;
			sourceTree = "<group>";
		};
		92B9633F2DC50AA0002A1314 /* ViewGlowingTests */ = {
			isa = PBXFileSystemSynchronizedRootGroup;
			path = ViewGlowingTests;
			sourceTree = "<group>";
		};
		92B963492DC50AA1002A1314 /* ViewGlowingUITests */ = {
			isa = PBXFileSystemSynchronizedRootGroup;
			path = ViewGlowingUITests;
			sourceTree = "<group>";
		};
/* End PBXFileSystemSynchronizedRootGroup section */

/* Begin PBXFrameworksBuildPhase section */
		92B963292DC50A9F002A1314 /* Frameworks */ = {
			isa = PBXFrameworksBuildPhase;
			buildActionMask = 2147483647;
			files = (
			);
			runOnlyForDeploymentPostprocessing = 0;
		};
		92B963392DC50AA0002A1314 /* Frameworks */ = {
			isa = PBXFrameworksBuildPhase;
			buildActionMask = 2147483647;
			files = (
			);
			runOnlyForDeploymentPostprocessing = 0;
		};
		92B963432DC50AA1002A1314 /* Frameworks */ = {
			isa = PBXFrameworksBuildPhase;
			buildActionMask = 2147483647;
			files = (
			);
			runOnlyForDeploymentPostprocessing = 0;
		};
/* End PBXFrameworksBuildPhase section */

/* Begin PBXGroup section */
		92B963232DC50A9F002A1314 = {
			isa = PBXGroup;
			children = (
				92B9632E2DC50A9F002A1314 /* ViewGlowing */,
				92B9633F2DC50AA0002A1314 /* ViewGlowingTests */,
				92B963492DC50AA1002A1314 /* ViewGlowingUITests */,
				92B9632D2DC50A9F002A1314 /* Products */,
			);
			sourceTree = "<group>";
		};
		92B9632D2DC50A9F002A1314 /* Products */ = {
			isa = PBXGroup;
			children = (
				92B9632C2DC50A9F002A1314 /* ViewGlowing.app */,
				92B9633C2DC50AA0002A1314 /* ViewGlowingTests.xctest */,
				92B963462DC50AA1002A1314 /* ViewGlowingUITests.xctest */,
			);
			name = Products;
			sourceTree = "<group>";
		};
/* End PBXGroup section */

/* Begin PBXNativeTarget section */
		92B9632B2DC50A9F002A1314 /* ViewGlowing */ = {
			isa = PBXNativeTarget;
			buildConfigurationList = 92B963502DC50AA1002A1314 /* Build configuration list for PBXNativeTarget "ViewGlowing" */;
			buildPhases = (
				92B963282DC50A9F002A1314 /* Sources */,
				92B963292DC50A9F002A1314 /* Frameworks */,
				92B9632A2DC50A9F002A1314 /* Resources */,
			);
			buildRules = (
			);
			dependencies = (
			);
			fileSystemSynchronizedGroups = (
				92B9632E2DC50A9F002A1314 /* ViewGlowing */,
			);
			name = ViewGlowing;
			packageProductDependencies = (
			);
			productName = ViewGlowing;
			productReference = 92B9632C2DC50A9F002A1314 /* ViewGlowing.app */;
			productType = "com.apple.product-type.application";
		};
		92B9633B2DC50AA0002A1314 /* ViewGlowingTests */ = {
			isa = PBXNativeTarget;
			buildConfigurationList = 92B963532DC50AA1002A1314 /* Build configuration list for PBXNativeTarget "ViewGlowingTests" */;
			buildPhases = (
				92B963382DC50AA0002A1314 /* Sources */,
				92B963392DC50AA0002A1314 /* Frameworks */,
				92B9633A2DC50AA0002A1314 /* Resources */,
			);
			buildRules = (
			);
			dependencies = (
				92B9633E2DC50AA0002A1314 /* PBXTargetDependency */,
			);
			fileSystemSynchronizedGroups = (
				92B9633F2DC50AA0002A1314 /* ViewGlowingTests */,
			);
			name = ViewGlowingTests;
			packageProductDependencies = (
			);
			productName = ViewGlowingTests;
			productReference = 92B9633C2DC50AA0002A1314 /* ViewGlowingTests.xctest */;
			productType = "com.apple.product-type.bundle.unit-test";
		};
		92B963452DC50AA1002A1314 /* ViewGlowingUITests */ = {
			isa = PBXNativeTarget;
			buildConfigurationList = 92B963562DC50AA1002A1314 /* Build configuration list for PBXNativeTarget "ViewGlowingUITests" */;
			buildPhases = (
				92B963422DC50AA1002A1314 /* Sources */,
				92B963432DC50AA1002A1314 /* Frameworks */,
				92B963442DC50AA1002A1314 /* Resources */,
			);
			buildRules = (
			);
			dependencies = (
				92B963482DC50AA1002A1314 /* PBXTargetDependency */,
			);
			fileSystemSynchronizedGroups = (
				92B963492DC50AA1002A1314 /* ViewGlowingUITests */,
			);
			name = ViewGlowingUITests;
			packageProductDependencies = (
			);
			productName = ViewGlowingUITests;
			productReference = 92B963462DC50AA1002A1314 /* ViewGlowingUITests.xctest */;
			productType = "com.apple.product-type.bundle.ui-testing";
		};
/* End PBXNativeTarget section */

/* Begin PBXProject section */
		92B963242DC50A9F002A1314 /* Project object */ = {
			isa = PBXProject;
			attributes = {
				BuildIndependentTargetsInParallel = 1;
				LastSwiftUpdateCheck = 1610;
				LastUpgradeCheck = 1610;
				TargetAttributes = {
					92B9632B2DC50A9F002A1314 = {
						CreatedOnToolsVersion = 16.1;
					};
					92B9633B2DC50AA0002A1314 = {
						CreatedOnToolsVersion = 16.1;
						TestTargetID = 92B9632B2DC50A9F002A1314;
					};
					92B963452DC50AA1002A1314 = {
						CreatedOnToolsVersion = 16.1;
						TestTargetID = 92B9632B2DC50A9F002A1314;
					};
				};
			};
			buildConfigurationList = 92B963272DC50A9F002A1314 /* Build configuration list for PBXProject "ViewGlowing" */;
			developmentRegion = en;
			hasScannedForEncodings = 0;
			knownRegions = (
				en,
				Base,
			);
			mainGroup = 92B963232DC50A9F002A1314;
			minimizedProjectReferenceProxies = 1;
			preferredProjectObjectVersion = 77;
			productRefGroup = 92B9632D2DC50A9F002A1314 /* Products */;
			projectDirPath = "";
			projectRoot = "";
			targets = (
				92B9632B2DC50A9F002A1314 /* ViewGlowing */,
				92B9633B2DC50AA0002A1314 /* ViewGlowingTests */,
				92B963452DC50AA1002A1314 /* ViewGlowingUITests */,
			);
		};
/* End PBXProject section */

/* Begin PBXResourcesBuildPhase section */
		92B9632A2DC50A9F002A1314 /* Resources */ = {
			isa = PBXResourcesBuildPhase;
			buildActionMask = 2147483647;
			files = (
			);
			runOnlyForDeploymentPostprocessing = 0;
		};
		92B9633A2DC50AA0002A1314 /* Resources */ = {
			isa = PBXResourcesBuildPhase;
			buildActionMask = 2147483647;
			files = (
			);
			runOnlyForDeploymentPostprocessing = 0;
		};
		92B963442DC50AA1002A1314 /* Resources */ = {
			isa = PBXResourcesBuildPhase;
			buildActionMask = 2147483647;
			files = (
			);
			runOnlyForDeploymentPostprocessing = 0;
		};
/* End PBXResourcesBuildPhase section */

/* Begin PBXSourcesBuildPhase section */
		92B963282DC50A9F002A1314 /* Sources */ = {
			isa = PBXSourcesBuildPhase;
			buildActionMask = 2147483647;
			files = (
			);
			runOnlyForDeploymentPostprocessing = 0;
		};
		92B963382DC50AA0002A1314 /* Sources */ = {
			isa = PBXSourcesBuildPhase;
			buildActionMask = 2147483647;
			files = (
			);
			runOnlyForDeploymentPostprocessing = 0;
		};
		92B963422DC50AA1002A1314 /* Sources */ = {
			isa = PBXSourcesBuildPhase;
			buildActionMask = 2147483647;
			files = (
			);
			runOnlyForDeploymentPostprocessing = 0;
		};
/* End PBXSourcesBuildPhase section */

/* Begin PBXTargetDependency section */
		92B9633E2DC50AA0002A1314 /* PBXTargetDependency */ = {
			isa = PBXTargetDependency;
			target = 92B9632B2DC50A9F002A1314 /* ViewGlowing */;
			targetProxy = 92B9633D2DC50AA0002A1314 /* PBXContainerItemProxy */;
		};
		92B963482DC50AA1002A1314 /* PBXTargetDependency */ = {
			isa = PBXTargetDependency;
			target = 92B9632B2DC50A9F002A1314 /* ViewGlowing */;
			targetProxy = 92B963472DC50AA1002A1314 /* PBXContainerItemProxy */;
		};
/* End PBXTargetDependency section */

/* Begin XCBuildConfiguration section */
		92B9634E2DC50AA1002A1314 /* Debug */ = {
			isa = XCBuildConfiguration;
			buildSettings = {
				ALWAYS_SEARCH_USER_PATHS = NO;
				ASSETCATALOG_COMPILER_GENERATE_SWIFT_ASSET_SYMBOL_EXTENSIONS = YES;
				CLANG_ANALYZER_NONNULL = YES;
				CLANG_ANALYZER_NUMBER_OBJECT_CONVERSION = YES_AGGRESSIVE;
				CLANG_CXX_LANGUAGE_STANDARD = "gnu++20";
				CLANG_ENABLE_MODULES = YES;
				CLANG_ENABLE_OBJC_ARC = YES;
				CLANG_ENABLE_OBJC_WEAK = YES;
				CLANG_WARN_BLOCK_CAPTURE_AUTORELEASING = YES;
				CLANG_WARN_BOOL_CONVERSION = YES;
				CLANG_WARN_COMMA = YES;
				CLANG_WARN_CONSTANT_CONVERSION = YES;
				CLANG_WARN_DEPRECATED_OBJC_IMPLEMENTATIONS = YES;
				CLANG_WARN_DIRECT_OBJC_ISA_USAGE = YES_ERROR;
				CLANG_WARN_DOCUMENTATION_COMMENTS = YES;
				CLANG_WARN_EMPTY_BODY = YES;
				CLANG_WARN_ENUM_CONVERSION = YES;
				CLANG_WARN_INFINITE_RECURSION = YES;
				CLANG_WARN_INT_CONVERSION = YES;
				CLANG_WARN_NON_LITERAL_NULL_CONVERSION = YES;
				CLANG_WARN_OBJC_IMPLICIT_RETAIN_SELF = YES;
				CLANG_WARN_OBJC_LITERAL_CONVERSION = YES;
				CLANG_WARN_OBJC_ROOT_CLASS = YES_ERROR;
				CLANG_WARN_QUOTED_INCLUDE_IN_FRAMEWORK_HEADER = YES;
				CLANG_WARN_RANGE_LOOP_ANALYSIS = YES;
				CLANG_WARN_STRICT_PROTOTYPES = YES;
				CLANG_WARN_SUSPICIOUS_MOVE = YES;
				CLANG_WARN_UNGUARDED_AVAILABILITY = YES_AGGRESSIVE;
				CLANG_WARN_UNREACHABLE_CODE = YES;
				CLANG_WARN__DUPLICATE_METHOD_MATCH = YES;
				COPY_PHASE_STRIP = NO;
				DEBUG_INFORMATION_FORMAT = dwarf;
				ENABLE_STRICT_OBJC_MSGSEND = YES;
				ENABLE_TESTABILITY = YES;
				ENABLE_USER_SCRIPT_SANDBOXING = YES;
				GCC_C_LANGUAGE_STANDARD = gnu17;
				GCC_DYNAMIC_NO_PIC = NO;
				GCC_NO_COMMON_BLOCKS = YES;
				GCC_OPTIMIZATION_LEVEL = 0;
				GCC_PREPROCESSOR_DEFINITIONS = (
					"DEBUG=1",
					"$(inherited)",
				);
				GCC_WARN_64_TO_32_BIT_CONVERSION = YES;
				GCC_WARN_ABOUT_RETURN_TYPE = YES_ERROR;
				GCC_WARN_UNDECLARED_SELECTOR = YES;
				GCC_WARN_UNINITIALIZED_AUTOS = YES_AGGRESSIVE;
				GCC_WARN_UNUSED_FUNCTION = YES;
				GCC_WARN_UNUSED_VARIABLE = YES;
				IPHONEOS_DEPLOYMENT_TARGET = 18.1;
				LOCALIZATION_PREFERS_STRING_CATALOGS = YES;
				MTL_ENABLE_DEBUG_INFO = INCLUDE_SOURCE;
				MTL_FAST_MATH = YES;
				ONLY_ACTIVE_ARCH = YES;
				SDKROOT = iphoneos;
				SWIFT_ACTIVE_COMPILATION_CONDITIONS = "DEBUG $(inherited)";
				SWIFT_OPTIMIZATION_LEVEL = "-Onone";
			};
			name = Debug;
		};
		92B9634F2DC50AA1002A1314 /* Release */ = {
			isa = XCBuildConfiguration;
			buildSettings = {
				ALWAYS_SEARCH_USER_PATHS = NO;
				ASSETCATALOG_COMPILER_GENERATE_SWIFT_ASSET_SYMBOL_EXTENSIONS = YES;
				CLANG_ANALYZER_NONNULL = YES;
				CLANG_ANALYZER_NUMBER_OBJECT_CONVERSION = YES_AGGRESSIVE;
				CLANG_CXX_LANGUAGE_STANDARD = "gnu++20";
				CLANG_ENABLE_MODULES = YES;
				CLANG_ENABLE_OBJC_ARC = YES;
				CLANG_ENABLE_OBJC_WEAK = YES;
				CLANG_WARN_BLOCK_CAPTURE_AUTORELEASING = YES;
				CLANG_WARN_BOOL_CONVERSION = YES;
				CLANG_WARN_COMMA = YES;
				CLANG_WARN_CONSTANT_CONVERSION = YES;
				CLANG_WARN_DEPRECATED_OBJC_IMPLEMENTATIONS = YES;
				CLANG_WARN_DIRECT_OBJC_ISA_USAGE = YES_ERROR;
				CLANG_WARN_DOCUMENTATION_COMMENTS = YES;
				CLANG_WARN_EMPTY_BODY = YES;
				CLANG_WARN_ENUM_CONVERSION = YES;
				CLANG_WARN_INFINITE_RECURSION = YES;
				CLANG_WARN_INT_CONVERSION = YES;
				CLANG_WARN_NON_LITERAL_NULL_CONVERSION = YES;
				CLANG_WARN_OBJC_IMPLICIT_RETAIN_SELF = YES;
				CLANG_WARN_OBJC_LITERAL_CONVERSION = YES;
				CLANG_WARN_OBJC_ROOT_CLASS = YES_ERROR;
				CLANG_WARN_QUOTED_INCLUDE_IN_FRAMEWORK_HEADER = YES;
				CLANG_WARN_RANGE_LOOP_ANALYSIS = YES;
				CLANG_WARN_STRICT_PROTOTYPES = YES;
				CLANG_WARN_SUSPICIOUS_MOVE = YES;
				CLANG_WARN_UNGUARDED_AVAILABILITY = YES_AGGRESSIVE;
				CLANG_WARN_UNREACHABLE_CODE = YES;
				CLANG_WARN__DUPLICATE_METHOD_MATCH = YES;
				COPY_PHASE_STRIP = NO;
				DEBUG_INFORMATION_FORMAT = "dwarf-with-dsym";
				ENABLE_NS_ASSERTIONS = NO;
				ENABLE_STRICT_OBJC_MSGSEND = YES;
				ENABLE_USER_SCRIPT_SANDBOXING = YES;
				GCC_C_LANGUAGE_STANDARD = gnu17;
				GCC_NO_COMMON_BLOCKS = YES;
				GCC_WARN_64_TO_32_BIT_CONVERSION = YES;
				GCC_WARN_ABOUT_RETURN_TYPE = YES_ERROR;
				GCC_WARN_UNDECLARED_SELECTOR = YES;
				GCC_WARN_UNINITIALIZED_AUTOS = YES_AGGRESSIVE;
				GCC_WARN_UNUSED_FUNCTION = YES;
				GCC_WARN_UNUSED_VARIABLE = YES;
				IPHONEOS_DEPLOYMENT_TARGET = 18.1;
				LOCALIZATION_PREFERS_STRING_CATALOGS = YES;
				MTL_ENABLE_DEBUG_INFO = NO;
				MTL_FAST_MATH = YES;
				SDKROOT = iphoneos;
				SWIFT_COMPILATION_MODE = wholemodule;
				VALIDATE_PRODUCT = YES;
			};
			name = Release;
		};
		92B963512DC50AA1002A1314 /* Debug */ = {
			isa = XCBuildConfiguration;
			buildSettings = {
				ASSETCATALOG_COMPILER_APPICON_NAME = AppIcon;
				ASSETCATALOG_COMPILER_GLOBAL_ACCENT_COLOR_NAME = AccentColor;
				CODE_SIGN_STYLE = Automatic;
				CURRENT_PROJECT_VERSION = 1;
				DEVELOPMENT_ASSET_PATHS = "\"ViewGlowing/Preview Content\"";
				DEVELOPMENT_TEAM = NBWPMDZL8J;
				ENABLE_PREVIEWS = YES;
				GENERATE_INFOPLIST_FILE = YES;
				INFOPLIST_KEY_UIApplicationSceneManifest_Generation = YES;
				INFOPLIST_KEY_UIApplicationSupportsIndirectInputEvents = YES;
				INFOPLIST_KEY_UILaunchScreen_Generation = YES;
				INFOPLIST_KEY_UISupportedInterfaceOrientations_iPad = "UIInterfaceOrientationPortrait UIInterfaceOrientationPortraitUpsideDown UIInterfaceOrientationLandscapeLeft UIInterfaceOrientationLandscapeRight";
				INFOPLIST_KEY_UISupportedInterfaceOrientations_iPhone = "UIInterfaceOrientationPortrait UIInterfaceOrientationLandscapeLeft UIInterfaceOrientationLandscapeRight";
				LD_RUNPATH_SEARCH_PATHS = (
					"$(inherited)",
					"@executable_path/Frameworks",
				);
				MARKETING_VERSION = 1.0;
				PRODUCT_BUNDLE_IDENTIFIER = com.ViewGlowing;
				PRODUCT_NAME = "$(TARGET_NAME)";
				SWIFT_EMIT_LOC_STRINGS = YES;
				SWIFT_VERSION = 5.0;
				TARGETED_DEVICE_FAMILY = "1,2";
			};
			name = Debug;
		};
		92B963522DC50AA1002A1314 /* Release */ = {
			isa = XCBuildConfiguration;
			buildSettings = {
				ASSETCATALOG_COMPILER_APPICON_NAME = AppIcon;
				ASSETCATALOG_COMPILER_GLOBAL_ACCENT_COLOR_NAME = AccentColor;
				CODE_SIGN_STYLE = Automatic;
				CURRENT_PROJECT_VERSION = 1;
				DEVELOPMENT_ASSET_PATHS = "\"ViewGlowing/Preview Content\"";
				DEVELOPMENT_TEAM = NBWPMDZL8J;
				ENABLE_PREVIEWS = YES;
				GENERATE_INFOPLIST_FILE = YES;
				INFOPLIST_KEY_UIApplicationSceneManifest_Generation = YES;
				INFOPLIST_KEY_UIApplicationSupportsIndirectInputEvents = YES;
				INFOPLIST_KEY_UILaunchScreen_Generation = YES;
				INFOPLIST_KEY_UISupportedInterfaceOrientations_iPad = "UIInterfaceOrientationPortrait UIInterfaceOrientationPortraitUpsideDown UIInterfaceOrientationLandscapeLeft UIInterfaceOrientationLandscapeRight";
				INFOPLIST_KEY_UISupportedInterfaceOrientations_iPhone = "UIInterfaceOrientationPortrait UIInterfaceOrientationLandscapeLeft UIInterfaceOrientationLandscapeRight";
				LD_RUNPATH_SEARCH_PATHS = (
					"$(inherited)",
					"@executable_path/Frameworks",
				);
				MARKETING_VERSION = 1.0;
				PRODUCT_BUNDLE_IDENTIFIER = com.ViewGlowing;
				PRODUCT_NAME = "$(TARGET_NAME)";
				SWIFT_EMIT_LOC_STRINGS = YES;
				SWIFT_VERSION = 5.0;
				TARGETED_DEVICE_FAMILY = "1,2";
			};
			name = Release;
		};
		92B963542DC50AA1002A1314 /* Debug */ = {
			isa = XCBuildConfiguration;
			buildSettings = {
				BUNDLE_LOADER = "$(TEST_HOST)";
				CODE_SIGN_STYLE = Automatic;
				CURRENT_PROJECT_VERSION = 1;
				DEVELOPMENT_TEAM = NBWPMDZL8J;
				GENERATE_INFOPLIST_FILE = YES;
				IPHONEOS_DEPLOYMENT_TARGET = 18.1;
				MARKETING_VERSION = 1.0;
				PRODUCT_BUNDLE_IDENTIFIER = com.ViewGlowingTests;
				PRODUCT_NAME = "$(TARGET_NAME)";
				SWIFT_EMIT_LOC_STRINGS = NO;
				SWIFT_VERSION = 5.0;
				TARGETED_DEVICE_FAMILY = "1,2";
				TEST_HOST = "$(BUILT_PRODUCTS_DIR)/ViewGlowing.app/$(BUNDLE_EXECUTABLE_FOLDER_PATH)/ViewGlowing";
			};
			name = Debug;
		};
		92B963552DC50AA1002A1314 /* Release */ = {
			isa = XCBuildConfiguration;
			buildSettings = {
				BUNDLE_LOADER = "$(TEST_HOST)";
				CODE_SIGN_STYLE = Automatic;
				CURRENT_PROJECT_VERSION = 1;
				DEVELOPMENT_TEAM = NBWPMDZL8J;
				GENERATE_INFOPLIST_FILE = YES;
				IPHONEOS_DEPLOYMENT_TARGET = 18.1;
				MARKETING_VERSION = 1.0;
				PRODUCT_BUNDLE_IDENTIFIER = com.ViewGlowingTests;
				PRODUCT_NAME = "$(TARGET_NAME)";
				SWIFT_EMIT_LOC_STRINGS = NO;
				SWIFT_VERSION = 5.0;
				TARGETED_DEVICE_FAMILY = "1,2";
				TEST_HOST = "$(BUILT_PRODUCTS_DIR)/ViewGlowing.app/$(BUNDLE_EXECUTABLE_FOLDER_PATH)/ViewGlowing";
			};
			name = Release;
		};
		92B963572DC50AA1002A1314 /* Debug */ = {
			isa = XCBuildConfiguration;
			buildSettings = {
				CODE_SIGN_STYLE = Automatic;
				CURRENT_PROJECT_VERSION = 1;
				DEVELOPMENT_TEAM = NBWPMDZL8J;
				GENERATE_INFOPLIST_FILE = YES;
				MARKETING_VERSION = 1.0;
				PRODUCT_BUNDLE_IDENTIFIER = com.ViewGlowingUITests;
				PRODUCT_NAME = "$(TARGET_NAME)";
				SWIFT_EMIT_LOC_STRINGS = NO;
				SWIFT_VERSION = 5.0;
				TARGETED_DEVICE_FAMILY = "1,2";
				TEST_TARGET_NAME = ViewGlowing;
			};
			name = Debug;
		};
		92B963582DC50AA1002A1314 /* Release */ = {
			isa = XCBuildConfiguration;
			buildSettings = {
				CODE_SIGN_STYLE = Automatic;
				CURRENT_PROJECT_VERSION = 1;
				DEVELOPMENT_TEAM = NBWPMDZL8J;
				GENERATE_INFOPLIST_FILE = YES;
				MARKETING_VERSION = 1.0;
				PRODUCT_BUNDLE_IDENTIFIER = com.ViewGlowingUITests;
				PRODUCT_NAME = "$(TARGET_NAME)";
				SWIFT_EMIT_LOC_STRINGS = NO;
				SWIFT_VERSION = 5.0;
				TARGETED_DEVICE_FAMILY = "1,2";
				TEST_TARGET_NAME = ViewGlowing;
			};
			name = Release;
		};
/* End XCBuildConfiguration section */

/* Begin XCConfigurationList section */
		92B963272DC50A9F002A1314 /* Build configuration list for PBXProject "ViewGlowing" */ = {
			isa = XCConfigurationList;
			buildConfigurations = (
				92B9634E2DC50AA1002A1314 /* Debug */,
				92B9634F2DC50AA1002A1314 /* Release */,
			);
			defaultConfigurationIsVisible = 0;
			defaultConfigurationName = Release;
		};
		92B963502DC50AA1002A1314 /* Build configuration list for PBXNativeTarget "ViewGlowing" */ = {
			isa = XCConfigurationList;
			buildConfigurations = (
				92B963512DC50AA1002A1314 /* Debug */,
				92B963522DC50AA1002A1314 /* Release */,
			);
			defaultConfigurationIsVisible = 0;
			defaultConfigurationName = Release;
		};
		92B963532DC50AA1002A1314 /* Build configuration list for PBXNativeTarget "ViewGlowingTests" */ = {
			isa = XCConfigurationList;
			buildConfigurations = (
				92B963542DC50AA1002A1314 /* Debug */,
				92B963552DC50AA1002A1314 /* Release */,
			);
			defaultConfigurationIsVisible = 0;
			defaultConfigurationName = Release;
		};
		92B963562DC50AA1002A1314 /* Build configuration list for PBXNativeTarget "ViewGlowingUITests" */ = {
			isa = XCConfigurationList;
			buildConfigurations = (
				92B963572DC50AA1002A1314 /* Debug */,
				92B963582DC50AA1002A1314 /* Release */,
			);
			defaultConfigurationIsVisible = 0;
			defaultConfigurationName = Release;
		};
/* End XCConfigurationList section */
	};
	rootObject = 92B963242DC50A9F002A1314 /* Project object */;
}
